
Microsoft Visual Studio Solution File, Format Version 12.00
# Visual Studio Version 17
VisualStudioVersion = 17.3.32922.545
MinimumVisualStudioVersion = 10.0.40219.1
Project("{FAE04EC0-301F-11D3-BF4B-00C04F79EFBC}") = "FastingApp", "FastingApp.csproj", "{7C4CBFEC-69DE-4691-B0CF-AB4E8D2373BC}"
EndProject
Global
	GlobalSection(SolutionConfigurationPlatforms) = preSolution
		Debug|Any CPU = Debug|Any CPU
		Release|Any CPU = Release|Any CPU
	EndGlobalSection
	GlobalSection(ProjectConfigurationPlatforms) = postSolution
		{7C4CBFEC-69DE-4691-B0CF-AB4E8D2373BC}.Debug|Any CPU.ActiveCfg = Debug|Any CPU
		{7C4CBFEC-69DE-4691-B0CF-AB4E8D2373BC}.Debug|Any CPU.Build.0 = Debug|Any CPU
		{7C4CBFEC-69DE-4691-B0CF-AB4E8D2373BC}.Release|Any CPU.ActiveCfg = Release|Any CPU
		{7C4CBFEC-69DE-4691-B0CF-AB4E8D2373BC}.Release|Any CPU.Build.0 = Release|Any CPU
	EndGlobalSection
	GlobalSection(SolutionProperties) = preSolution
		HideSolutionNode = FALSE
	EndGlobalSection
	GlobalSection(ExtensibilityGlobals) = postSolution
		SolutionGuid = {395CDBDC-2F7B-49DB-88E7-8E51C19F2281}
	EndGlobalSection
EndGlobal
